
Microsoft Visual Studio Solution File, Format Version 12.00
# Visual Studio 15
VisualStudioVersion = 15.0.28307.271
MinimumVisualStudioVersion = 10.0.40219.1
Project("{8BC9CEB8-8B4A-11D0-8D11-00A0C91BC942}") = "Test", "Test\Test.vcxproj", "{BB039F82-83BA-4CBE-A53A-827823C9A0F2}"
	ProjectSection(ProjectDependencies) = postProject
		{DF6F2E92-013B-4FE6-B46B-1DEEA6334734} = {DF6F2E92-013B-4FE6-B46B-1DEEA6334734}
	EndProjectSection
EndProject
Project("{8BC9CEB8-8B4A-11D0-8D11-00A0C91BC942}") = "Application", "Application\Application.vcxproj", "{B3F8B0EF-77F6-4B7E-89EB-1ACCF94D1399}"
	ProjectSection(ProjectDependencies) = postProject
		{DF6F2E92-013B-4FE6-B46B-1DEEA6334734} = {DF6F2E92-013B-4FE6-B46B-1DEEA6334734}
	EndProjectSection
EndProject
Project("{8BC9CEB8-8B4A-11D0-8D11-00A0C91BC942}") = "MQTT_Client", "MQTT_Client\MQTT_Client.vcxproj", "{DF6F2E92-013B-4FE6-B46B-1DEEA6334734}"
EndProject
Global
	GlobalSection(SolutionConfigurationPlatforms) = preSolution
		Debug|x64 = Debug|x64
		Debug|x86 = Debug|x86
		Release|x64 = Release|x64
		Release|x86 = Release|x86
	EndGlobalSection
	GlobalSection(ProjectConfigurationPlatforms) = postSolution
		{BB039F82-83BA-4CBE-A53A-827823C9A0F2}.Debug|x64.ActiveCfg = Debug|x64
		{BB039F82-83BA-4CBE-A53A-827823C9A0F2}.Debug|x64.Build.0 = Debug|x64
		{BB039F82-83BA-4CBE-A53A-827823C9A0F2}.Debug|x86.ActiveCfg = Debug|x64
		{BB039F82-83BA-4CBE-A53A-827823C9A0F2}.Debug|x86.Build.0 = Debug|x64
		{BB039F82-83BA-4CBE-A53A-827823C9A0F2}.Release|x64.ActiveCfg = Debug|x64
		{BB039F82-83BA-4CBE-A53A-827823C9A0F2}.Release|x64.Build.0 = Debug|x64
		{BB039F82-83BA-4CBE-A53A-827823C9A0F2}.Release|x86.ActiveCfg = Debug|x64
		{BB039F82-83BA-4CBE-A53A-827823C9A0F2}.Release|x86.Build.0 = Debug|x64
		{B3F8B0EF-77F6-4B7E-89EB-1ACCF94D1399}.Debug|x64.ActiveCfg = Debug|x64
		{B3F8B0EF-77F6-4B7E-89EB-1ACCF94D1399}.Debug|x64.Build.0 = Debug|x64
		{B3F8B0EF-77F6-4B7E-89EB-1ACCF94D1399}.Debug|x86.ActiveCfg = Debug|x64
		{B3F8B0EF-77F6-4B7E-89EB-1ACCF94D1399}.Debug|x86.Build.0 = Debug|x64
		{B3F8B0EF-77F6-4B7E-89EB-1ACCF94D1399}.Release|x64.ActiveCfg = Debug|x64
		{B3F8B0EF-77F6-4B7E-89EB-1ACCF94D1399}.Release|x64.Build.0 = Debug|x64
		{B3F8B0EF-77F6-4B7E-89EB-1ACCF94D1399}.Release|x86.ActiveCfg = Debug|x64
		{B3F8B0EF-77F6-4B7E-89EB-1ACCF94D1399}.Release|x86.Build.0 = Debug|x64
		{DF6F2E92-013B-4FE6-B46B-1DEEA6334734}.Debug|x64.ActiveCfg = Debug|x64
		{DF6F2E92-013B-4FE6-B46B-1DEEA6334734}.Debug|x64.Build.0 = Debug|x64
		{DF6F2E92-013B-4FE6-B46B-1DEEA6334734}.Debug|x86.ActiveCfg = Debug|x64
		{DF6F2E92-013B-4FE6-B46B-1DEEA6334734}.Debug|x86.Build.0 = Debug|x64
		{DF6F2E92-013B-4FE6-B46B-1DEEA6334734}.Release|x64.ActiveCfg = Debug|x64
		{DF6F2E92-013B-4FE6-B46B-1DEEA6334734}.Release|x64.Build.0 = Debug|x64
		{DF6F2E92-013B-4FE6-B46B-1DEEA6334734}.Release|x86.ActiveCfg = Debug|x64
		{DF6F2E92-013B-4FE6-B46B-1DEEA6334734}.Release|x86.Build.0 = Debug|x64
	EndGlobalSection
	GlobalSection(SolutionProperties) = preSolution
		HideSolutionNode = FALSE
	EndGlobalSection
	GlobalSection(ExtensibilityGlobals) = postSolution
		SolutionGuid = {839CF2A2-AB24-4713-B1C9-8E37D4B75E4B}
	EndGlobalSection
EndGlobal
